// !$*UTF8*$!
{
	archiveVersion = 1;
	classes = {
	};
	objectVersion = 46;
	objects = {

/* Begin PBXBuildFile section */
		F193195D1AE7ACC600CFBFD7 /* AppDelegate.swift in Sources */ = {isa = PBXBuildFile; fileRef = F193195C1AE7ACC600CFBFD7 /* AppDelegate.swift */; };
		F193195F1AE7ACC600CFBFD7 /* ViewController.swift in Sources */ = {isa = PBXBuildFile; fileRef = F193195E1AE7ACC600CFBFD7 /* ViewController.swift */; };
		F19319621AE7ACC600CFBFD7 /* Main.storyboard in Resources */ = {isa = PBXBuildFile; fileRef = F19319601AE7ACC600CFBFD7 /* Main.storyboard */; };
		F19319641AE7ACC600CFBFD7 /* Images.xcassets in Resources */ = {isa = PBXBuildFile; fileRef = F19319631AE7ACC600CFBFD7 /* Images.xcassets */; };
		F19319671AE7ACC600CFBFD7 /* LaunchScreen.xib in Resources */ = {isa = PBXBuildFile; fileRef = F19319651AE7ACC600CFBFD7 /* LaunchScreen.xib */; };
		F19319731AE7ACC600CFBFD7 /* WatchDemoTests.swift in Sources */ = {isa = PBXBuildFile; fileRef = F19319721AE7ACC600CFBFD7 /* WatchDemoTests.swift */; };
		F19319861AE7ACD800CFBFD7 /* InterfaceController.swift in Sources */ = {isa = PBXBuildFile; fileRef = F19319851AE7ACD800CFBFD7 /* InterfaceController.swift */; };
		F19319881AE7ACD800CFBFD7 /* NotificationController.swift in Sources */ = {isa = PBXBuildFile; fileRef = F19319871AE7ACD800CFBFD7 /* NotificationController.swift */; };
		F193198A1AE7ACD800CFBFD7 /* GlanceController.swift in Sources */ = {isa = PBXBuildFile; fileRef = F19319891AE7ACD800CFBFD7 /* GlanceController.swift */; };
		F193198C1AE7ACD800CFBFD7 /* Images.xcassets in Resources */ = {isa = PBXBuildFile; fileRef = F193198B1AE7ACD800CFBFD7 /* Images.xcassets */; };
		F19319901AE7ACD800CFBFD7 /* WatchDemo WatchKit App.app in Resources */ = {isa = PBXBuildFile; fileRef = F193198F1AE7ACD800CFBFD7 /* WatchDemo WatchKit App.app */; };
		F19319981AE7ACD800CFBFD7 /* Interface.storyboard in Resources */ = {isa = PBXBuildFile; fileRef = F19319961AE7ACD800CFBFD7 /* Interface.storyboard */; };
		F193199A1AE7ACD800CFBFD7 /* Images.xcassets in Resources */ = {isa = PBXBuildFile; fileRef = F19319991AE7ACD800CFBFD7 /* Images.xcassets */; };
		F193199D1AE7ACD800CFBFD7 /* WatchDemo WatchKit Extension.appex in Embed App Extensions */ = {isa = PBXBuildFile; fileRef = F19319801AE7ACD800CFBFD7 /* WatchDemo WatchKit Extension.appex */; settings = {ATTRIBUTES = (RemoveHeadersOnCopy, ); }; };
/* End PBXBuildFile section */

/* Begin PBXContainerItemProxy section */
		F193196D1AE7ACC600CFBFD7 /* PBXContainerItemProxy */ = {
			isa = PBXContainerItemProxy;
			containerPortal = F193194F1AE7ACC600CFBFD7 /* Project object */;
			proxyType = 1;
			remoteGlobalIDString = F19319561AE7ACC600CFBFD7;
			remoteInfo = WatchDemo;
		};
		F19319911AE7ACD800CFBFD7 /* PBXContainerItemProxy */ = {
			isa = PBXContainerItemProxy;
			containerPortal = F193194F1AE7ACC600CFBFD7 /* Project object */;
			proxyType = 1;
			remoteGlobalIDString = F193198E1AE7ACD800CFBFD7;
			remoteInfo = "WatchDemo WatchKit App";
		};
		F193199B1AE7ACD800CFBFD7 /* PBXContainerItemProxy */ = {
			isa = PBXContainerItemProxy;
			containerPortal = F193194F1AE7ACC600CFBFD7 /* Project object */;
			proxyType = 1;
			remoteGlobalIDString = F193197F1AE7ACD800CFBFD7;
			remoteInfo = "WatchDemo WatchKit Extension";
		};
/* End PBXContainerItemProxy section */

/* Begin PBXCopyFilesBuildPhase section */
		F19319A41AE7ACD800CFBFD7 /* Embed App Extensions */ = {
			isa = PBXCopyFilesBuildPhase;
			buildActionMask = 2147483647;
			dstPath = "";
			dstSubfolderSpec = 13;
			files = (
				F193199D1AE7ACD800CFBFD7 /* WatchDemo WatchKit Extension.appex in Embed App Extensions */,
			);
			name = "Embed App Extensions";
			runOnlyForDeploymentPostprocessing = 0;
		};
/* End PBXCopyFilesBuildPhase section */

/* Begin PBXFileReference section */
		F19319571AE7ACC600CFBFD7 /* WatchDemo.app */ = {isa = PBXFileReference; explicitFileType = wrapper.application; includeInIndex = 0; path = WatchDemo.app; sourceTree = BUILT_PRODUCTS_DIR; };
		F193195B1AE7ACC600CFBFD7 /* Info.plist */ = {isa = PBXFileReference; lastKnownFileType = text.plist.xml; path = Info.plist; sourceTree = "<group>"; };
		F193195C1AE7ACC600CFBFD7 /* AppDelegate.swift */ = {isa = PBXFileReference; lastKnownFileType = sourcecode.swift; path = AppDelegate.swift; sourceTree = "<group>"; };
		F193195E1AE7ACC600CFBFD7 /* ViewController.swift */ = {isa = PBXFileReference; lastKnownFileType = sourcecode.swift; path = ViewController.swift; sourceTree = "<group>"; };
		F19319611AE7ACC600CFBFD7 /* Base */ = {isa = PBXFileReference; lastKnownFileType = file.storyboard; name = Base; path = Base.lproj/Main.storyboard; sourceTree = "<group>"; };
		F19319631AE7ACC600CFBFD7 /* Images.xcassets */ = {isa = PBXFileReference; lastKnownFileType = folder.assetcatalog; path = Images.xcassets; sourceTree = "<group>"; };
		F19319661AE7ACC600CFBFD7 /* Base */ = {isa = PBXFileReference; lastKnownFileType = file.xib; name = Base; path = Base.lproj/LaunchScreen.xib; sourceTree = "<group>"; };
		F193196C1AE7ACC600CFBFD7 /* WatchDemoTests.xctest */ = {isa = PBXFileReference; explicitFileType = wrapper.cfbundle; includeInIndex = 0; path = WatchDemoTests.xctest; sourceTree = BUILT_PRODUCTS_DIR; };
		F19319711AE7ACC600CFBFD7 /* Info.plist */ = {isa = PBXFileReference; lastKnownFileType = text.plist.xml; path = Info.plist; sourceTree = "<group>"; };
		F19319721AE7ACC600CFBFD7 /* WatchDemoTests.swift */ = {isa = PBXFileReference; lastKnownFileType = sourcecode.swift; path = WatchDemoTests.swift; sourceTree = "<group>"; };
		F19319801AE7ACD800CFBFD7 /* WatchDemo WatchKit Extension.appex */ = {isa = PBXFileReference; explicitFileType = "wrapper.app-extension"; includeInIndex = 0; path = "WatchDemo WatchKit Extension.appex"; sourceTree = BUILT_PRODUCTS_DIR; };
		F19319831AE7ACD800CFBFD7 /* Info.plist */ = {isa = PBXFileReference; lastKnownFileType = text.plist.xml; path = Info.plist; sourceTree = "<group>"; };
		F19319841AE7ACD800CFBFD7 /* PushNotificationPayload.apns */ = {isa = PBXFileReference; lastKnownFileType = text; path = PushNotificationPayload.apns; sourceTree = "<group>"; };
		F19319851AE7ACD800CFBFD7 /* InterfaceController.swift */ = {isa = PBXFileReference; lastKnownFileType = sourcecode.swift; path = InterfaceController.swift; sourceTree = "<group>"; };
		F19319871AE7ACD800CFBFD7 /* NotificationController.swift */ = {isa = PBXFileReference; lastKnownFileType = sourcecode.swift; path = NotificationController.swift; sourceTree = "<group>"; };
		F19319891AE7ACD800CFBFD7 /* GlanceController.swift */ = {isa = PBXFileReference; lastKnownFileType = sourcecode.swift; path = GlanceController.swift; sourceTree = "<group>"; };
		F193198B1AE7ACD800CFBFD7 /* Images.xcassets */ = {isa = PBXFileReference; lastKnownFileType = folder.assetcatalog; path = Images.xcassets; sourceTree = "<group>"; };
		F193198F1AE7ACD800CFBFD7 /* WatchDemo WatchKit App.app */ = {isa = PBXFileReference; explicitFileType = wrapper.application; includeInIndex = 0; path = "WatchDemo WatchKit App.app"; sourceTree = BUILT_PRODUCTS_DIR; };
		F19319951AE7ACD800CFBFD7 /* Info.plist */ = {isa = PBXFileReference; lastKnownFileType = text.plist.xml; path = Info.plist; sourceTree = "<group>"; };
		F19319971AE7ACD800CFBFD7 /* Base */ = {isa = PBXFileReference; lastKnownFileType = file.storyboard; name = Base; path = Base.lproj/Interface.storyboard; sourceTree = "<group>"; };
		F19319991AE7ACD800CFBFD7 /* Images.xcassets */ = {isa = PBXFileReference; lastKnownFileType = folder.assetcatalog; path = Images.xcassets; sourceTree = "<group>"; };
/* End PBXFileReference section */

/* Begin PBXFrameworksBuildPhase section */
		F19319541AE7ACC600CFBFD7 /* Frameworks */ = {
			isa = PBXFrameworksBuildPhase;
			buildActionMask = 2147483647;
			files = (
			);
			runOnlyForDeploymentPostprocessing = 0;
		};
		F19319691AE7ACC600CFBFD7 /* Frameworks */ = {
			isa = PBXFrameworksBuildPhase;
			buildActionMask = 2147483647;
			files = (
			);
			runOnlyForDeploymentPostprocessing = 0;
		};
		F193197D1AE7ACD800CFBFD7 /* Frameworks */ = {
			isa = PBXFrameworksBuildPhase;
			buildActionMask = 2147483647;
			files = (
			);
			runOnlyForDeploymentPostprocessing = 0;
		};
/* End PBXFrameworksBuildPhase section */

/* Begin PBXGroup section */
		F193194E1AE7ACC600CFBFD7 = {
			isa = PBXGroup;
			children = (
				F19319591AE7ACC600CFBFD7 /* WatchDemo */,
				F193196F1AE7ACC600CFBFD7 /* WatchDemoTests */,
				F19319811AE7ACD800CFBFD7 /* WatchDemo WatchKit Extension */,
				F19319931AE7ACD800CFBFD7 /* WatchDemo WatchKit App */,
				F19319581AE7ACC600CFBFD7 /* Products */,
			);
			sourceTree = "<group>";
		};
		F19319581AE7ACC600CFBFD7 /* Products */ = {
			isa = PBXGroup;
			children = (
				F19319571AE7ACC600CFBFD7 /* WatchDemo.app */,
				F193196C1AE7ACC600CFBFD7 /* WatchDemoTests.xctest */,
				F19319801AE7ACD800CFBFD7 /* WatchDemo WatchKit Extension.appex */,
				F193198F1AE7ACD800CFBFD7 /* WatchDemo WatchKit App.app */,
			);
			name = Products;
			sourceTree = "<group>";
		};
		F19319591AE7ACC600CFBFD7 /* WatchDemo */ = {
			isa = PBXGroup;
			children = (
				F193195C1AE7ACC600CFBFD7 /* AppDelegate.swift */,
				F193195E1AE7ACC600CFBFD7 /* ViewController.swift */,
				F19319601AE7ACC600CFBFD7 /* Main.storyboard */,
				F19319631AE7ACC600CFBFD7 /* Images.xcassets */,
				F19319651AE7ACC600CFBFD7 /* LaunchScreen.xib */,
				F193195A1AE7ACC600CFBFD7 /* Supporting Files */,
			);
			path = WatchDemo;
			sourceTree = "<group>";
		};
		F193195A1AE7ACC600CFBFD7 /* Supporting Files */ = {
			isa = PBXGroup;
			children = (
				F193195B1AE7ACC600CFBFD7 /* Info.plist */,
			);
			name = "Supporting Files";
			sourceTree = "<group>";
		};
		F193196F1AE7ACC600CFBFD7 /* WatchDemoTests */ = {
			isa = PBXGroup;
			children = (
				F19319721AE7ACC600CFBFD7 /* WatchDemoTests.swift */,
				F19319701AE7ACC600CFBFD7 /* Supporting Files */,
			);
			path = WatchDemoTests;
			sourceTree = "<group>";
		};
		F19319701AE7ACC600CFBFD7 /* Supporting Files */ = {
			isa = PBXGroup;
			children = (
				F19319711AE7ACC600CFBFD7 /* Info.plist */,
			);
			name = "Supporting Files";
			sourceTree = "<group>";
		};
		F19319811AE7ACD800CFBFD7 /* WatchDemo WatchKit Extension */ = {
			isa = PBXGroup;
			children = (
				F19319851AE7ACD800CFBFD7 /* InterfaceController.swift */,
				F19319871AE7ACD800CFBFD7 /* NotificationController.swift */,
				F19319891AE7ACD800CFBFD7 /* GlanceController.swift */,
				F193198B1AE7ACD800CFBFD7 /* Images.xcassets */,
				F19319821AE7ACD800CFBFD7 /* Supporting Files */,
			);
			path = "WatchDemo WatchKit Extension";
			sourceTree = "<group>";
		};
		F19319821AE7ACD800CFBFD7 /* Supporting Files */ = {
			isa = PBXGroup;
			children = (
				F19319831AE7ACD800CFBFD7 /* Info.plist */,
				F19319841AE7ACD800CFBFD7 /* PushNotificationPayload.apns */,
			);
			name = "Supporting Files";
			sourceTree = "<group>";
		};
		F19319931AE7ACD800CFBFD7 /* WatchDemo WatchKit App */ = {
			isa = PBXGroup;
			children = (
				F19319961AE7ACD800CFBFD7 /* Interface.storyboard */,
				F19319991AE7ACD800CFBFD7 /* Images.xcassets */,
				F19319941AE7ACD800CFBFD7 /* Supporting Files */,
			);
			path = "WatchDemo WatchKit App";
			sourceTree = "<group>";
		};
		F19319941AE7ACD800CFBFD7 /* Supporting Files */ = {
			isa = PBXGroup;
			children = (
				F19319951AE7ACD800CFBFD7 /* Info.plist */,
			);
			name = "Supporting Files";
			sourceTree = "<group>";
		};
/* End PBXGroup section */

/* Begin PBXNativeTarget section */
		F19319561AE7ACC600CFBFD7 /* WatchDemo */ = {
			isa = PBXNativeTarget;
			buildConfigurationList = F19319761AE7ACC600CFBFD7 /* Build configuration list for PBXNativeTarget "WatchDemo" */;
			buildPhases = (
				F19319531AE7ACC600CFBFD7 /* Sources */,
				F19319541AE7ACC600CFBFD7 /* Frameworks */,
				F19319551AE7ACC600CFBFD7 /* Resources */,
				F19319A41AE7ACD800CFBFD7 /* Embed App Extensions */,
			);
			buildRules = (
			);
			dependencies = (
				F193199C1AE7ACD800CFBFD7 /* PBXTargetDependency */,
			);
			name = WatchDemo;
			productName = WatchDemo;
			productReference = F19319571AE7ACC600CFBFD7 /* WatchDemo.app */;
			productType = "com.apple.product-type.application";
		};
		F193196B1AE7ACC600CFBFD7 /* WatchDemoTests */ = {
			isa = PBXNativeTarget;
			buildConfigurationList = F19319791AE7ACC600CFBFD7 /* Build configuration list for PBXNativeTarget "WatchDemoTests" */;
			buildPhases = (
				F19319681AE7ACC600CFBFD7 /* Sources */,
				F19319691AE7ACC600CFBFD7 /* Frameworks */,
				F193196A1AE7ACC600CFBFD7 /* Resources */,
			);
			buildRules = (
			);
			dependencies = (
				F193196E1AE7ACC600CFBFD7 /* PBXTargetDependency */,
			);
			name = WatchDemoTests;
			productName = WatchDemoTests;
			productReference = F193196C1AE7ACC600CFBFD7 /* WatchDemoTests.xctest */;
			productType = "com.apple.product-type.bundle.unit-test";
		};
		F193197F1AE7ACD800CFBFD7 /* WatchDemo WatchKit Extension */ = {
			isa = PBXNativeTarget;
			buildConfigurationList = F19319A11AE7ACD800CFBFD7 /* Build configuration list for PBXNativeTarget "WatchDemo WatchKit Extension" */;
			buildPhases = (
				F193197C1AE7ACD800CFBFD7 /* Sources */,
				F193197D1AE7ACD800CFBFD7 /* Frameworks */,
				F193197E1AE7ACD800CFBFD7 /* Resources */,
			);
			buildRules = (
			);
			dependencies = (
				F19319921AE7ACD800CFBFD7 /* PBXTargetDependency */,
			);
			name = "WatchDemo WatchKit Extension";
			productName = "WatchDemo WatchKit Extension";
			productReference = F19319801AE7ACD800CFBFD7 /* WatchDemo WatchKit Extension.appex */;
			productType = "com.apple.product-type.watchkit-extension";
		};
		F193198E1AE7ACD800CFBFD7 /* WatchDemo WatchKit App */ = {
			isa = PBXNativeTarget;
			buildConfigurationList = F193199E1AE7ACD800CFBFD7 /* Build configuration list for PBXNativeTarget "WatchDemo WatchKit App" */;
			buildPhases = (
				F193198D1AE7ACD800CFBFD7 /* Resources */,
			);
			buildRules = (
			);
			dependencies = (
			);
			name = "WatchDemo WatchKit App";
			productName = "WatchDemo WatchKit App";
			productReference = F193198F1AE7ACD800CFBFD7 /* WatchDemo WatchKit App.app */;
			productType = "com.apple.product-type.application.watchapp";
		};
/* End PBXNativeTarget section */

/* Begin PBXProject section */
		F193194F1AE7ACC600CFBFD7 /* Project object */ = {
			isa = PBXProject;
			attributes = {
				LastUpgradeCheck = 0630;
				ORGANIZATIONNAME = Raincle;
				TargetAttributes = {
					F19319561AE7ACC600CFBFD7 = {
						CreatedOnToolsVersion = 6.3;
					};
					F193196B1AE7ACC600CFBFD7 = {
						CreatedOnToolsVersion = 6.3;
						TestTargetID = F19319561AE7ACC600CFBFD7;
					};
					F193197F1AE7ACD800CFBFD7 = {
						CreatedOnToolsVersion = 6.3;
					};
					F193198E1AE7ACD800CFBFD7 = {
						CreatedOnToolsVersion = 6.3;
					};
				};
			};
			buildConfigurationList = F19319521AE7ACC600CFBFD7 /* Build configuration list for PBXProject "WatchDemo" */;
			compatibilityVersion = "Xcode 3.2";
			developmentRegion = English;
			hasScannedForEncodings = 0;
			knownRegions = (
				en,
				Base,
			);
			mainGroup = F193194E1AE7ACC600CFBFD7;
			productRefGroup = F19319581AE7ACC600CFBFD7 /* Products */;
			projectDirPath = "";
			projectRoot = "";
			targets = (
				F19319561AE7ACC600CFBFD7 /* WatchDemo */,
				F193196B1AE7ACC600CFBFD7 /* WatchDemoTests */,
				F193197F1AE7ACD800CFBFD7 /* WatchDemo WatchKit Extension */,
				F193198E1AE7ACD800CFBFD7 /* WatchDemo WatchKit App */,
			);
		};
/* End PBXProject section */

/* Begin PBXResourcesBuildPhase section */
		F19319551AE7ACC600CFBFD7 /* Resources */ = {
			isa = PBXResourcesBuildPhase;
			buildActionMask = 2147483647;
			files = (
				F19319621AE7ACC600CFBFD7 /* Main.storyboard in Resources */,
				F19319671AE7ACC600CFBFD7 /* LaunchScreen.xib in Resources */,
				F19319641AE7ACC600CFBFD7 /* Images.xcassets in Resources */,
			);
			runOnlyForDeploymentPostprocessing = 0;
		};
		F193196A1AE7ACC600CFBFD7 /* Resources */ = {
			isa = PBXResourcesBuildPhase;
			buildActionMask = 2147483647;
			files = (
			);
			runOnlyForDeploymentPostprocessing = 0;
		};
		F193197E1AE7ACD800CFBFD7 /* Resources */ = {
			isa = PBXResourcesBuildPhase;
			buildActionMask = 2147483647;
			files = (
				F193198C1AE7ACD800CFBFD7 /* Images.xcassets in Resources */,
				F19319901AE7ACD800CFBFD7 /* WatchDemo WatchKit App.app in Resources */,
			);
			runOnlyForDeploymentPostprocessing = 0;
		};
		F193198D1AE7ACD800CFBFD7 /* Resources */ = {
			isa = PBXResourcesBuildPhase;
			buildActionMask = 2147483647;
			files = (
				F19319981AE7ACD800CFBFD7 /* Interface.storyboard in Resources */,
				F193199A1AE7ACD800CFBFD7 /* Images.xcassets in Resources */,
			);
			runOnlyForDeploymentPostprocessing = 0;
		};
/* End PBXResourcesBuildPhase section */

/* Begin PBXSourcesBuildPhase section */
		F19319531AE7ACC600CFBFD7 /* Sources */ = {
			isa = PBXSourcesBuildPhase;
			buildActionMask = 2147483647;
			files = (
				F193195F1AE7ACC600CFBFD7 /* ViewController.swift in Sources */,
				F193195D1AE7ACC600CFBFD7 /* AppDelegate.swift in Sources */,
			);
			runOnlyForDeploymentPostprocessing = 0;
		};
		F19319681AE7ACC600CFBFD7 /* Sources */ = {
			isa = PBXSourcesBuildPhase;
			buildActionMask = 2147483647;
			files = (
				F19319731AE7ACC600CFBFD7 /* WatchDemoTests.swift in Sources */,
			);
			runOnlyForDeploymentPostprocessing = 0;
		};
		F193197C1AE7ACD800CFBFD7 /* Sources */ = {
			isa = PBXSourcesBuildPhase;
			buildActionMask = 2147483647;
			files = (
				F19319881AE7ACD800CFBFD7 /* NotificationController.swift in Sources */,
				F19319861AE7ACD800CFBFD7 /* InterfaceController.swift in Sources */,
				F193198A1AE7ACD800CFBFD7 /* GlanceController.swift in Sources */,
			);
			runOnlyForDeploymentPostprocessing = 0;
		};
/* End PBXSourcesBuildPhase section */

/* Begin PBXTargetDependency section */
		F193196E1AE7ACC600CFBFD7 /* PBXTargetDependency */ = {
			isa = PBXTargetDependency;
			target = F19319561AE7ACC600CFBFD7 /* WatchDemo */;
			targetProxy = F193196D1AE7ACC600CFBFD7 /* PBXContainerItemProxy */;
		};
		F19319921AE7ACD800CFBFD7 /* PBXTargetDependency */ = {
			isa = PBXTargetDependency;
			target = F193198E1AE7ACD800CFBFD7 /* WatchDemo WatchKit App */;
			targetProxy = F19319911AE7ACD800CFBFD7 /* PBXContainerItemProxy */;
		};
		F193199C1AE7ACD800CFBFD7 /* PBXTargetDependency */ = {
			isa = PBXTargetDependency;
			target = F193197F1AE7ACD800CFBFD7 /* WatchDemo WatchKit Extension */;
			targetProxy = F193199B1AE7ACD800CFBFD7 /* PBXContainerItemProxy */;
		};
/* End PBXTargetDependency section */

/* Begin PBXVariantGroup section */
		F19319601AE7ACC600CFBFD7 /* Main.storyboard */ = {
			isa = PBXVariantGroup;
			children = (
				F19319611AE7ACC600CFBFD7 /* Base */,
			);
			name = Main.storyboard;
			sourceTree = "<group>";
		};
		F19319651AE7ACC600CFBFD7 /* LaunchScreen.xib */ = {
			isa = PBXVariantGroup;
			children = (
				F19319661AE7ACC600CFBFD7 /* Base */,
			);
			name = LaunchScreen.xib;
			sourceTree = "<group>";
		};
		F19319961AE7ACD800CFBFD7 /* Interface.storyboard */ = {
			isa = PBXVariantGroup;
			children = (
				F19319971AE7ACD800CFBFD7 /* Base */,
			);
			name = Interface.storyboard;
			sourceTree = "<group>";
		};
/* End PBXVariantGroup section */

/* Begin XCBuildConfiguration section */
		F19319741AE7ACC600CFBFD7 /* Debug */ = {
			isa = XCBuildConfiguration;
			buildSettings = {
				ALWAYS_SEARCH_USER_PATHS = NO;
				CLANG_CXX_LANGUAGE_STANDARD = "gnu++0x";
				CLANG_CXX_LIBRARY = "libc++";
				CLANG_ENABLE_MODULES = YES;
				CLANG_ENABLE_OBJC_ARC = YES;
				CLANG_WARN_BOOL_CONVERSION = YES;
				CLANG_WARN_CONSTANT_CONVERSION = YES;
				CLANG_WARN_DIRECT_OBJC_ISA_USAGE = YES_ERROR;
				CLANG_WARN_EMPTY_BODY = YES;
				CLANG_WARN_ENUM_CONVERSION = YES;
				CLANG_WARN_INT_CONVERSION = YES;
				CLANG_WARN_OBJC_ROOT_CLASS = YES_ERROR;
				CLANG_WARN_UNREACHABLE_CODE = YES;
				CLANG_WARN__DUPLICATE_METHOD_MATCH = YES;
				"CODE_SIGN_IDENTITY[sdk=iphoneos*]" = "iPhone Developer";
				COPY_PHASE_STRIP = NO;
				DEBUG_INFORMATION_FORMAT = "dwarf-with-dsym";
				ENABLE_STRICT_OBJC_MSGSEND = YES;
				GCC_C_LANGUAGE_STANDARD = gnu99;
				GCC_DYNAMIC_NO_PIC = NO;
				GCC_NO_COMMON_BLOCKS = YES;
				GCC_OPTIMIZATION_LEVEL = 0;
				GCC_PREPROCESSOR_DEFINITIONS = (
					"DEBUG=1",
					"$(inherited)",
				);
				GCC_SYMBOLS_PRIVATE_EXTERN = NO;
				GCC_WARN_64_TO_32_BIT_CONVERSION = YES;
				GCC_WARN_ABOUT_RETURN_TYPE = YES_ERROR;
				GCC_WARN_UNDECLARED_SELECTOR = YES;
				GCC_WARN_UNINITIALIZED_AUTOS = YES_AGGRESSIVE;
				GCC_WARN_UNUSED_FUNCTION = YES;
				GCC_WARN_UNUSED_VARIABLE = YES;
				IPHONEOS_DEPLOYMENT_TARGET = 8.3;
				MTL_ENABLE_DEBUG_INFO = YES;
				ONLY_ACTIVE_ARCH = YES;
				SDKROOT = iphoneos;
				SWIFT_OPTIMIZATION_LEVEL = "-Onone";
				TARGETED_DEVICE_FAMILY = "1,2";
			};
			name = Debug;
		};
		F19319751AE7ACC600CFBFD7 /* Release */ = {
			isa = XCBuildConfiguration;
			buildSettings = {
				ALWAYS_SEARCH_USER_PATHS = NO;
				CLANG_CXX_LANGUAGE_STANDARD = "gnu++0x";
				CLANG_CXX_LIBRARY = "libc++";
				CLANG_ENABLE_MODULES = YES;
				CLANG_ENABLE_OBJC_ARC = YES;
				CLANG_WARN_BOOL_CONVERSION = YES;
				CLANG_WARN_CONSTANT_CONVERSION = YES;
				CLANG_WARN_DIRECT_OBJC_ISA_USAGE = YES_ERROR;
				CLANG_WARN_EMPTY_BODY = YES;
				CLANG_WARN_ENUM_CONVERSION = YES;
				CLANG_WARN_INT_CONVERSION = YES;
				CLANG_WARN_OBJC_ROOT_CLASS = YES_ERROR;
				CLANG_WARN_UNREACHABLE_CODE = YES;
				CLANG_WARN__DUPLICATE_METHOD_MATCH = YES;
				"CODE_SIGN_IDENTITY[sdk=iphoneos*]" = "iPhone Developer";
				COPY_PHASE_STRIP = NO;
				DEBUG_INFORMATION_FORMAT = "dwarf-with-dsym";
				ENABLE_NS_ASSERTIONS = NO;
				ENABLE_STRICT_OBJC_MSGSEND = YES;
				GCC_C_LANGUAGE_STANDARD = gnu99;
				GCC_NO_COMMON_BLOCKS = YES;
				GCC_WARN_64_TO_32_BIT_CONVERSION = YES;
				GCC_WARN_ABOUT_RETURN_TYPE = YES_ERROR;
				GCC_WARN_UNDECLARED_SELECTOR = YES;
				GCC_WARN_UNINITIALIZED_AUTOS = YES_AGGRESSIVE;
				GCC_WARN_UNUSED_FUNCTION = YES;
				GCC_WARN_UNUSED_VARIABLE = YES;
				IPHONEOS_DEPLOYMENT_TARGET = 8.3;
				MTL_ENABLE_DEBUG_INFO = NO;
				SDKROOT = iphoneos;
				TARGETED_DEVICE_FAMILY = "1,2";
				VALIDATE_PRODUCT = YES;
			};
			name = Release;
		};
		F19319771AE7ACC600CFBFD7 /* Debug */ = {
			isa = XCBuildConfiguration;
			buildSettings = {
				ASSETCATALOG_COMPILER_APPICON_NAME = AppIcon;
				INFOPLIST_FILE = WatchDemo/Info.plist;
				LD_RUNPATH_SEARCH_PATHS = "$(inherited) @executable_path/Frameworks";
				PRODUCT_NAME = "$(TARGET_NAME)";
			};
			name = Debug;
		};
		F19319781AE7ACC600CFBFD7 /* Release */ = {
			isa = XCBuildConfiguration;
			buildSettings = {
				ASSETCATALOG_COMPILER_APPICON_NAME = AppIcon;
				INFOPLIST_FILE = WatchDemo/Info.plist;
				LD_RUNPATH_SEARCH_PATHS = "$(inherited) @executable_path/Frameworks";
				PRODUCT_NAME = "$(TARGET_NAME)";
			};
			name = Release;
		};
		F193197A1AE7ACC600CFBFD7 /* Debug */ = {
			isa = XCBuildConfiguration;
			buildSettings = {
				BUNDLE_LOADER = "$(TEST_HOST)";
				FRAMEWORK_SEARCH_PATHS = (
					"$(SDKROOT)/Developer/Library/Frameworks",
					"$(inherited)",
				);
				GCC_PREPROCESSOR_DEFINITIONS = (
					"DEBUG=1",
					"$(inherited)",
				);
				INFOPLIST_FILE = WatchDemoTests/Info.plist;
				LD_RUNPATH_SEARCH_PATHS = "$(inherited) @executable_path/Frameworks @loader_path/Frameworks";
				PRODUCT_NAME = "$(TARGET_NAME)";
				TEST_HOST = "$(BUILT_PRODUCTS_DIR)/WatchDemo.app/WatchDemo";
			};
			name = Debug;
		};
		F193197B1AE7ACC600CFBFD7 /* Release */ = {
			isa = XCBuildConfiguration;
			buildSettings = {
				BUNDLE_LOADER = "$(TEST_HOST)";
				FRAMEWORK_SEARCH_PATHS = (
					"$(SDKROOT)/Developer/Library/Frameworks",
					"$(inherited)",
				);
				INFOPLIST_FILE = WatchDemoTests/Info.plist;
				LD_RUNPATH_SEARCH_PATHS = "$(inherited) @executable_path/Frameworks @loader_path/Frameworks";
				PRODUCT_NAME = "$(TARGET_NAME)";
				TEST_HOST = "$(BUILT_PRODUCTS_DIR)/WatchDemo.app/WatchDemo";
			};
			name = Release;
		};
		F193199F1AE7ACD800CFBFD7 /* Debug */ = {
			isa = XCBuildConfiguration;
			buildSettings = {
				ASSETCATALOG_COMPILER_APPICON_NAME = AppIcon;
				GCC_PREPROCESSOR_DEFINITIONS = (
					"DEBUG=1",
					"$(inherited)",
				);
				IBSC_MODULE = WatchDemo_WatchKit_Extension;
				INFOPLIST_FILE = "WatchDemo WatchKit App/Info.plist";
				IPHONEOS_DEPLOYMENT_TARGET = 8.2;
				PRODUCT_NAME = "$(TARGET_NAME)";
				SKIP_INSTALL = YES;
				TARGETED_DEVICE_FAMILY = 4;
				"TARGETED_DEVICE_FAMILY[sdk=iphonesimulator*]" = "1,4";
			};
			name = Debug;
		};
		F19319A01AE7ACD800CFBFD7 /* Release */ = {
			isa = XCBuildConfiguration;
			buildSettings = {
				ASSETCATALOG_COMPILER_APPICON_NAME = AppIcon;
				IBSC_MODULE = WatchDemo_WatchKit_Extension;
				INFOPLIST_FILE = "WatchDemo WatchKit App/Info.plist";
				IPHONEOS_DEPLOYMENT_TARGET = 8.2;
				PRODUCT_NAME = "$(TARGET_NAME)";
				SKIP_INSTALL = YES;
				TARGETED_DEVICE_FAMILY = 4;
				"TARGETED_DEVICE_FAMILY[sdk=iphonesimulator*]" = "1,4";
			};
			name = Release;
		};
		F19319A21AE7ACD800CFBFD7 /* Debug */ = {
			isa = XCBuildConfiguration;
			buildSettings = {
				GCC_PREPROCESSOR_DEFINITIONS = (
					"DEBUG=1",
					"$(inherited)",
				);
				INFOPLIST_FILE = "WatchDemo WatchKit Extension/Info.plist";
				LD_RUNPATH_SEARCH_PATHS = "$(inherited) @executable_path/Frameworks @executable_path/../../Frameworks";
				PRODUCT_NAME = "${TARGET_NAME}";
				SKIP_INSTALL = YES;
			};
			name = Debug;
		};
		F19319A31AE7ACD800CFBFD7 /* Release */ = {
			isa = XCBuildConfiguration;
			buildSettings = {
				INFOPLIST_FILE = "WatchDemo WatchKit Extension/Info.plist";
				LD_RUNPATH_SEARCH_PATHS = "$(inherited) @executable_path/Frameworks @executable_path/../../Frameworks";
				PRODUCT_NAME = "${TARGET_NAME}";
				SKIP_INSTALL = YES;
			};
			name = Release;
		};
/* End XCBuildConfiguration section */

/* Begin XCConfigurationList section */
		F19319521AE7ACC600CFBFD7 /* Build configuration list for PBXProject "WatchDemo" */ = {
			isa = XCConfigurationList;
			buildConfigurations = (
				F19319741AE7ACC600CFBFD7 /* Debug */,
				F19319751AE7ACC600CFBFD7 /* Release */,
			);
			defaultConfigurationIsVisible = 0;
			defaultConfigurationName = Release;
		};
		F19319761AE7ACC600CFBFD7 /* Build configuration list for PBXNativeTarget "WatchDemo" */ = {
			isa = XCConfigurationList;
			buildConfigurations = (
				F19319771AE7ACC600CFBFD7 /* Debug */,
				F19319781AE7ACC600CFBFD7 /* Release */,
			);
			defaultConfigurationIsVisible = 0;
		};
		F19319791AE7ACC600CFBFD7 /* Build configuration list for PBXNativeTarget "WatchDemoTests" */ = {
			isa = XCConfigurationList;
			buildConfigurations = (
				F193197A1AE7ACC600CFBFD7 /* Debug */,
				F193197B1AE7ACC600CFBFD7 /* Release */,
			);
			defaultConfigurationIsVisible = 0;
		};
		F193199E1AE7ACD800CFBFD7 /* Build configuration list for PBXNativeTarget "WatchDemo WatchKit App" */ = {
			isa = XCConfigurationList;
			buildConfigurations = (
				F193199F1AE7ACD800CFBFD7 /* Debug */,
				F19319A01AE7ACD800CFBFD7 /* Release */,
			);
			defaultConfigurationIsVisible = 0;
		};
		F19319A11AE7ACD800CFBFD7 /* Build configuration list for PBXNativeTarget "WatchDemo WatchKit Extension" */ = {
			isa = XCConfigurationList;
			buildConfigurations = (
				F19319A21AE7ACD800CFBFD7 /* Debug */,
				F19319A31AE7ACD800CFBFD7 /* Release */,
			);
			defaultConfigurationIsVisible = 0;
		};
/* End XCConfigurationList section */
	};
	rootObject = F193194F1AE7ACC600CFBFD7 /* Project object */;
}
